
Microsoft Visual Studio Solution File, Format Version 12.00
# Visual Studio Version 17
VisualStudioVersion = 17.4.33110.190
MinimumVisualStudioVersion = 10.0.40219.1
Project("{FAE04EC0-301F-11D3-BF4B-00C04F79EFBC}") = "ParserHtmlWpf", "ParserHtmlWpf\ParserHtmlWpf.csproj", "{FB518701-C67D-41E9-B6A2-8DE7BDC9C833}"
EndProject
Global
	GlobalSection(SolutionConfigurationPlatforms) = preSolution
		Debug|Any CPU = Debug|Any CPU
		Release|Any CPU = Release|Any CPU
	EndGlobalSection
	GlobalSection(ProjectConfigurationPlatforms) = postSolution
		{FB518701-C67D-41E9-B6A2-8DE7BDC9C833}.Debug|Any CPU.ActiveCfg = Debug|Any CPU
		{FB518701-C67D-41E9-B6A2-8DE7BDC9C833}.Debug|Any CPU.Build.0 = Debug|Any CPU
		{FB518701-C67D-41E9-B6A2-8DE7BDC9C833}.Release|Any CPU.ActiveCfg = Release|Any CPU
		{FB518701-C67D-41E9-B6A2-8DE7BDC9C833}.Release|Any CPU.Build.0 = Release|Any CPU
	EndGlobalSection
	GlobalSection(SolutionProperties) = preSolution
		HideSolutionNode = FALSE
	EndGlobalSection
	GlobalSection(ExtensibilityGlobals) = postSolution
		SolutionGuid = {6F9967B9-1AB9-417A-84D4-E71A4D52FFB8}
	EndGlobalSection
EndGlobal
